
Microsoft Visual Studio Solution File, Format Version 12.00
# Visual Studio Version 16
VisualStudioVersion = 16.0.29123.88
MinimumVisualStudioVersion = 10.0.40219.1
Project("{888888A0-9F3D-457C-B088-3A5042F75D52}") = "bmes", "bmes.pyproj", "{460601E1-D940-4834-A7F8-C1D9066A4C8A}"
EndProject
Global
	GlobalSection(SolutionConfigurationPlatforms) = preSolution
		Debug|Any CPU = Debug|Any CPU
		Release|Any CPU = Release|Any CPU
	EndGlobalSection
	GlobalSection(ProjectConfigurationPlatforms) = postSolution
		{460601E1-D940-4834-A7F8-C1D9066A4C8A}.Debug|Any CPU.ActiveCfg = Debug|Any CPU
		{460601E1-D940-4834-A7F8-C1D9066A4C8A}.Debug|Any CPU.Build.0 = Debug|Any CPU
		{460601E1-D940-4834-A7F8-C1D9066A4C8A}.Release|Any CPU.ActiveCfg = Release|Any CPU
		{460601E1-D940-4834-A7F8-C1D9066A4C8A}.Release|Any CPU.Build.0 = Release|Any CPU
	EndGlobalSection
	GlobalSection(SolutionProperties) = preSolution
		HideSolutionNode = FALSE
	EndGlobalSection
	GlobalSection(ExtensibilityGlobals) = postSolution
		SolutionGuid = {462B7F63-79ED-43E1-B883-799496559752}
	EndGlobalSection
EndGlobal
